
Microsoft Visual Studio Solution File, Format Version 12.00
# Visual Studio Version 17
VisualStudioVersion = 17.3.32825.248
MinimumVisualStudioVersion = 10.0.40219.1
Project("{FAE04EC0-301F-11D3-BF4B-00C04F79EFBC}") = "4KataConnectFour", "4KataConnectFour\4KataConnectFour.csproj", "{10992384-AF29-4885-972A-8E078FBF155E}"
EndProject
Global
	GlobalSection(SolutionConfigurationPlatforms) = preSolution
		Debug|Any CPU = Debug|Any CPU
		Release|Any CPU = Release|Any CPU
	EndGlobalSection
	GlobalSection(ProjectConfigurationPlatforms) = postSolution
		{10992384-AF29-4885-972A-8E078FBF155E}.Debug|Any CPU.ActiveCfg = Debug|Any CPU
		{10992384-AF29-4885-972A-8E078FBF155E}.Debug|Any CPU.Build.0 = Debug|Any CPU
		{10992384-AF29-4885-972A-8E078FBF155E}.Release|Any CPU.ActiveCfg = Release|Any CPU
		{10992384-AF29-4885-972A-8E078FBF155E}.Release|Any CPU.Build.0 = Release|Any CPU
	EndGlobalSection
	GlobalSection(SolutionProperties) = preSolution
		HideSolutionNode = FALSE
	EndGlobalSection
	GlobalSection(ExtensibilityGlobals) = postSolution
		SolutionGuid = {F3D5C133-061E-4E82-B66C-6F0D420E7FB3}
	EndGlobalSection
EndGlobal
